// !$*UTF8*$!
{
	archiveVersion = 1;
	classes = {
	};
	objectVersion = 55;
	objects = {

/* Begin PBXBuildFile section */
		60611572FF3C3EB7A78D3252 /* Pods_TokyoOSS.framework in Frameworks */ = {isa = PBXBuildFile; fileRef = FC223975C2217F043C08E4AD /* Pods_TokyoOSS.framework */; };
		D3074C852753575800A84358 /* UserCoordinator.swift in Sources */ = {isa = PBXBuildFile; fileRef = D3074C842753575800A84358 /* UserCoordinator.swift */; };
		D3074C872753610F00A84358 /* Ref.swift in Sources */ = {isa = PBXBuildFile; fileRef = D3074C862753610F00A84358 /* Ref.swift */; };
		D3074C89275396AF00A84358 /* PostDetailViewModel.swift in Sources */ = {isa = PBXBuildFile; fileRef = D3074C88275396AF00A84358 /* PostDetailViewModel.swift */; };
		D325D4AA275348DC009B6EDE /* UIColor+Extension.swift in Sources */ = {isa = PBXBuildFile; fileRef = D325D4A9275348DC009B6EDE /* UIColor+Extension.swift */; };
		D325D4AC27534B9A009B6EDE /* TimeLineViewModel.swift in Sources */ = {isa = PBXBuildFile; fileRef = D325D4AB27534B9A009B6EDE /* TimeLineViewModel.swift */; };
		D325D4AE27534D5F009B6EDE /* PostDetailController.swift in Sources */ = {isa = PBXBuildFile; fileRef = D325D4AD27534D5F009B6EDE /* PostDetailController.swift */; };
		D325D4B027535111009B6EDE /* TimeLineCoordinator.swift in Sources */ = {isa = PBXBuildFile; fileRef = D325D4AF27535111009B6EDE /* TimeLineCoordinator.swift */; };
		D37097AC2750BECE006C8A72 /* ArticleCell.swift in Sources */ = {isa = PBXBuildFile; fileRef = D37097AA2750BECE006C8A72 /* ArticleCell.swift */; };
		D37097AD2750BECE006C8A72 /* ArticleCell.xib in Resources */ = {isa = PBXBuildFile; fileRef = D37097AB2750BECE006C8A72 /* ArticleCell.xib */; };
		D37097AF2750BF1A006C8A72 /* UserViewModel.swift in Sources */ = {isa = PBXBuildFile; fileRef = D37097AE2750BF1A006C8A72 /* UserViewModel.swift */; };
		D37097B12750D1ED006C8A72 /* PostViewModel.swift in Sources */ = {isa = PBXBuildFile; fileRef = D37097B02750D1ED006C8A72 /* PostViewModel.swift */; };
		D37097B32750F619006C8A72 /* ViewController+Extension.swift in Sources */ = {isa = PBXBuildFile; fileRef = D37097B22750F619006C8A72 /* ViewController+Extension.swift */; };
		D37097B52750F713006C8A72 /* TextField+Extension.swift in Sources */ = {isa = PBXBuildFile; fileRef = D37097B42750F713006C8A72 /* TextField+Extension.swift */; };
		D37097B8275103BA006C8A72 /* UserHeaderView.xib in Resources */ = {isa = PBXBuildFile; fileRef = D37097B7275103BA006C8A72 /* UserHeaderView.xib */; };
		D37097BA27510403006C8A72 /* UserHeaderView.swift in Sources */ = {isa = PBXBuildFile; fileRef = D37097B927510403006C8A72 /* UserHeaderView.swift */; };
		D37097BD27511051006C8A72 /* Coordinator.swift in Sources */ = {isa = PBXBuildFile; fileRef = D37097BC27511051006C8A72 /* Coordinator.swift */; };
		D37097BF27511073006C8A72 /* AuthCoordinator.swift in Sources */ = {isa = PBXBuildFile; fileRef = D37097BE27511073006C8A72 /* AuthCoordinator.swift */; };
		D37097C1275110AF006C8A72 /* MainCoordinator.swift in Sources */ = {isa = PBXBuildFile; fileRef = D37097C0275110AF006C8A72 /* MainCoordinator.swift */; };
		D37097C32751D1F2006C8A72 /* Validator.swift in Sources */ = {isa = PBXBuildFile; fileRef = D37097C22751D1F2006C8A72 /* Validator.swift */; };
		D3B80E042751E6920039CA82 /* GoogleService-Info.plist in Resources */ = {isa = PBXBuildFile; fileRef = D3B80E032751E6920039CA82 /* GoogleService-Info.plist */; };
		D3B80E062751EDC20039CA82 /* User.swift in Sources */ = {isa = PBXBuildFile; fileRef = D3B80E052751EDC20039CA82 /* User.swift */; };
		D3C6690D2750402500DA7B2A /* AppDelegate.swift in Sources */ = {isa = PBXBuildFile; fileRef = D3C6690C2750402500DA7B2A /* AppDelegate.swift */; };
		D3C6690F2750402500DA7B2A /* SceneDelegate.swift in Sources */ = {isa = PBXBuildFile; fileRef = D3C6690E2750402500DA7B2A /* SceneDelegate.swift */; };
		D3C669112750402500DA7B2A /* ViewController.swift in Sources */ = {isa = PBXBuildFile; fileRef = D3C669102750402500DA7B2A /* ViewController.swift */; };
		D3C669142750402500DA7B2A /* Main.storyboard in Resources */ = {isa = PBXBuildFile; fileRef = D3C669122750402500DA7B2A /* Main.storyboard */; };
		D3C669162750402600DA7B2A /* Assets.xcassets in Resources */ = {isa = PBXBuildFile; fileRef = D3C669152750402600DA7B2A /* Assets.xcassets */; };
		D3C66927275040D700DA7B2A /* Authentication.storyboard in Resources */ = {isa = PBXBuildFile; fileRef = D3C66926275040D700DA7B2A /* Authentication.storyboard */; };
		D3C6692A2750415400DA7B2A /* RegisterController.swift in Sources */ = {isa = PBXBuildFile; fileRef = D3C669292750415400DA7B2A /* RegisterController.swift */; };
		D3C6692C2750419D00DA7B2A /* LoginController.swift in Sources */ = {isa = PBXBuildFile; fileRef = D3C6692B2750419D00DA7B2A /* LoginController.swift */; };
		D3C6692F275044CE00DA7B2A /* PostViewController.swift in Sources */ = {isa = PBXBuildFile; fileRef = D3C6692E275044CE00DA7B2A /* PostViewController.swift */; };
		D3C66931275044E700DA7B2A /* UserViewController.swift in Sources */ = {isa = PBXBuildFile; fileRef = D3C66930275044E700DA7B2A /* UserViewController.swift */; };
		D3C6693C27504F0D00DA7B2A /* TimeLineCell.swift in Sources */ = {isa = PBXBuildFile; fileRef = D3C6693A27504F0D00DA7B2A /* TimeLineCell.swift */; };
		D3C6693D27504F0D00DA7B2A /* TimeLineCell.xib in Resources */ = {isa = PBXBuildFile; fileRef = D3C6693B27504F0D00DA7B2A /* TimeLineCell.xib */; };
		D3C6693F2750544E00DA7B2A /* Post.swift in Sources */ = {isa = PBXBuildFile; fileRef = D3C6693E2750544E00DA7B2A /* Post.swift */; };
		D3C669432750735000DA7B2A /* LoginViewModel.swift in Sources */ = {isa = PBXBuildFile; fileRef = D3C669422750735000DA7B2A /* LoginViewModel.swift */; };
		D3C669452750807500DA7B2A /* RegisterViewModel.swift in Sources */ = {isa = PBXBuildFile; fileRef = D3C669442750807500DA7B2A /* RegisterViewModel.swift */; };
		D3C6694727508BA800DA7B2A /* Anchor+Extension.swift in Sources */ = {isa = PBXBuildFile; fileRef = D3C6694627508BA800DA7B2A /* Anchor+Extension.swift */; };
		D3C6694927508FC900DA7B2A /* CustomButton.swift in Sources */ = {isa = PBXBuildFile; fileRef = D3C6694827508FC900DA7B2A /* CustomButton.swift */; };
/* End PBXBuildFile section */

/* Begin PBXFileReference section */
		1DA6743BD50AB980F522C145 /* Pods-TokyoOSS.debug.xcconfig */ = {isa = PBXFileReference; includeInIndex = 1; lastKnownFileType = text.xcconfig; name = "Pods-TokyoOSS.debug.xcconfig"; path = "Target Support Files/Pods-TokyoOSS/Pods-TokyoOSS.debug.xcconfig"; sourceTree = "<group>"; };
		8DC8920F31A2B6DCCA014DE5 /* Pods-TokyoOSS.release.xcconfig */ = {isa = PBXFileReference; includeInIndex = 1; lastKnownFileType = text.xcconfig; name = "Pods-TokyoOSS.release.xcconfig"; path = "Target Support Files/Pods-TokyoOSS/Pods-TokyoOSS.release.xcconfig"; sourceTree = "<group>"; };
		D3074C842753575800A84358 /* UserCoordinator.swift */ = {isa = PBXFileReference; lastKnownFileType = sourcecode.swift; path = UserCoordinator.swift; sourceTree = "<group>"; };
		D3074C862753610F00A84358 /* Ref.swift */ = {isa = PBXFileReference; lastKnownFileType = sourcecode.swift; path = Ref.swift; sourceTree = "<group>"; };
		D3074C88275396AF00A84358 /* PostDetailViewModel.swift */ = {isa = PBXFileReference; lastKnownFileType = sourcecode.swift; path = PostDetailViewModel.swift; sourceTree = "<group>"; };
		D325D4A9275348DC009B6EDE /* UIColor+Extension.swift */ = {isa = PBXFileReference; lastKnownFileType = sourcecode.swift; path = "UIColor+Extension.swift"; sourceTree = "<group>"; };
		D325D4AB27534B9A009B6EDE /* TimeLineViewModel.swift */ = {isa = PBXFileReference; lastKnownFileType = sourcecode.swift; path = TimeLineViewModel.swift; sourceTree = "<group>"; };
		D325D4AD27534D5F009B6EDE /* PostDetailController.swift */ = {isa = PBXFileReference; lastKnownFileType = sourcecode.swift; path = PostDetailController.swift; sourceTree = "<group>"; };
		D325D4AF27535111009B6EDE /* TimeLineCoordinator.swift */ = {isa = PBXFileReference; lastKnownFileType = sourcecode.swift; path = TimeLineCoordinator.swift; sourceTree = "<group>"; };
		D37097AA2750BECE006C8A72 /* ArticleCell.swift */ = {isa = PBXFileReference; lastKnownFileType = sourcecode.swift; path = ArticleCell.swift; sourceTree = "<group>"; };
		D37097AB2750BECE006C8A72 /* ArticleCell.xib */ = {isa = PBXFileReference; lastKnownFileType = file.xib; path = ArticleCell.xib; sourceTree = "<group>"; };
		D37097AE2750BF1A006C8A72 /* UserViewModel.swift */ = {isa = PBXFileReference; lastKnownFileType = sourcecode.swift; path = UserViewModel.swift; sourceTree = "<group>"; };
		D37097B02750D1ED006C8A72 /* PostViewModel.swift */ = {isa = PBXFileReference; lastKnownFileType = sourcecode.swift; path = PostViewModel.swift; sourceTree = "<group>"; };
		D37097B22750F619006C8A72 /* ViewController+Extension.swift */ = {isa = PBXFileReference; lastKnownFileType = sourcecode.swift; path = "ViewController+Extension.swift"; sourceTree = "<group>"; };
		D37097B42750F713006C8A72 /* TextField+Extension.swift */ = {isa = PBXFileReference; lastKnownFileType = sourcecode.swift; path = "TextField+Extension.swift"; sourceTree = "<group>"; };
		D37097B7275103BA006C8A72 /* UserHeaderView.xib */ = {isa = PBXFileReference; lastKnownFileType = file.xib; path = UserHeaderView.xib; sourceTree = "<group>"; };
		D37097B927510403006C8A72 /* UserHeaderView.swift */ = {isa = PBXFileReference; lastKnownFileType = sourcecode.swift; path = UserHeaderView.swift; sourceTree = "<group>"; };
		D37097BC27511051006C8A72 /* Coordinator.swift */ = {isa = PBXFileReference; lastKnownFileType = sourcecode.swift; path = Coordinator.swift; sourceTree = "<group>"; };
		D37097BE27511073006C8A72 /* AuthCoordinator.swift */ = {isa = PBXFileReference; lastKnownFileType = sourcecode.swift; path = AuthCoordinator.swift; sourceTree = "<group>"; };
		D37097C0275110AF006C8A72 /* MainCoordinator.swift */ = {isa = PBXFileReference; lastKnownFileType = sourcecode.swift; path = MainCoordinator.swift; sourceTree = "<group>"; };
		D37097C22751D1F2006C8A72 /* Validator.swift */ = {isa = PBXFileReference; lastKnownFileType = sourcecode.swift; path = Validator.swift; sourceTree = "<group>"; };
		D3B80E032751E6920039CA82 /* GoogleService-Info.plist */ = {isa = PBXFileReference; fileEncoding = 4; lastKnownFileType = text.plist.xml; name = "GoogleService-Info.plist"; path = "../../../Downloads/GoogleService-Info.plist"; sourceTree = "<group>"; };
		D3B80E052751EDC20039CA82 /* User.swift */ = {isa = PBXFileReference; lastKnownFileType = sourcecode.swift; path = User.swift; sourceTree = "<group>"; };
		D3C669092750402500DA7B2A /* TokyoOSS.app */ = {isa = PBXFileReference; explicitFileType = wrapper.application; includeInIndex = 0; path = TokyoOSS.app; sourceTree = BUILT_PRODUCTS_DIR; };
		D3C6690C2750402500DA7B2A /* AppDelegate.swift */ = {isa = PBXFileReference; lastKnownFileType = sourcecode.swift; path = AppDelegate.swift; sourceTree = "<group>"; };
		D3C6690E2750402500DA7B2A /* SceneDelegate.swift */ = {isa = PBXFileReference; lastKnownFileType = sourcecode.swift; path = SceneDelegate.swift; sourceTree = "<group>"; };
		D3C669102750402500DA7B2A /* ViewController.swift */ = {isa = PBXFileReference; lastKnownFileType = sourcecode.swift; path = ViewController.swift; sourceTree = "<group>"; };
		D3C669132750402500DA7B2A /* Base */ = {isa = PBXFileReference; lastKnownFileType = file.storyboard; name = Base; path = Base.lproj/Main.storyboard; sourceTree = "<group>"; };
		D3C669152750402600DA7B2A /* Assets.xcassets */ = {isa = PBXFileReference; lastKnownFileType = folder.assetcatalog; path = Assets.xcassets; sourceTree = "<group>"; };
		D3C6691A2750402600DA7B2A /* Info.plist */ = {isa = PBXFileReference; lastKnownFileType = text.plist.xml; path = Info.plist; sourceTree = "<group>"; };
		D3C66926275040D700DA7B2A /* Authentication.storyboard */ = {isa = PBXFileReference; lastKnownFileType = file.storyboard; path = Authentication.storyboard; sourceTree = "<group>"; };
		D3C669292750415400DA7B2A /* RegisterController.swift */ = {isa = PBXFileReference; lastKnownFileType = sourcecode.swift; path = RegisterController.swift; sourceTree = "<group>"; };
		D3C6692B2750419D00DA7B2A /* LoginController.swift */ = {isa = PBXFileReference; lastKnownFileType = sourcecode.swift; path = LoginController.swift; sourceTree = "<group>"; };
		D3C6692E275044CE00DA7B2A /* PostViewController.swift */ = {isa = PBXFileReference; lastKnownFileType = sourcecode.swift; path = PostViewController.swift; sourceTree = "<group>"; };
		D3C66930275044E700DA7B2A /* UserViewController.swift */ = {isa = PBXFileReference; lastKnownFileType = sourcecode.swift; path = UserViewController.swift; sourceTree = "<group>"; };
		D3C6693A27504F0D00DA7B2A /* TimeLineCell.swift */ = {isa = PBXFileReference; lastKnownFileType = sourcecode.swift; path = TimeLineCell.swift; sourceTree = "<group>"; };
		D3C6693B27504F0D00DA7B2A /* TimeLineCell.xib */ = {isa = PBXFileReference; lastKnownFileType = file.xib; path = TimeLineCell.xib; sourceTree = "<group>"; };
		D3C6693E2750544E00DA7B2A /* Post.swift */ = {isa = PBXFileReference; lastKnownFileType = sourcecode.swift; path = Post.swift; sourceTree = "<group>"; };
		D3C669422750735000DA7B2A /* LoginViewModel.swift */ = {isa = PBXFileReference; lastKnownFileType = sourcecode.swift; path = LoginViewModel.swift; sourceTree = "<group>"; };
		D3C669442750807500DA7B2A /* RegisterViewModel.swift */ = {isa = PBXFileReference; lastKnownFileType = sourcecode.swift; path = RegisterViewModel.swift; sourceTree = "<group>"; };
		D3C6694627508BA800DA7B2A /* Anchor+Extension.swift */ = {isa = PBXFileReference; lastKnownFileType = sourcecode.swift; path = "Anchor+Extension.swift"; sourceTree = "<group>"; };
		D3C6694827508FC900DA7B2A /* CustomButton.swift */ = {isa = PBXFileReference; lastKnownFileType = sourcecode.swift; path = CustomButton.swift; sourceTree = "<group>"; };
		FC223975C2217F043C08E4AD /* Pods_TokyoOSS.framework */ = {isa = PBXFileReference; explicitFileType = wrapper.framework; includeInIndex = 0; path = Pods_TokyoOSS.framework; sourceTree = BUILT_PRODUCTS_DIR; };
/* End PBXFileReference section */

/* Begin PBXFrameworksBuildPhase section */
		D3C669062750402500DA7B2A /* Frameworks */ = {
			isa = PBXFrameworksBuildPhase;
			buildActionMask = 2147483647;
			files = (
				60611572FF3C3EB7A78D3252 /* Pods_TokyoOSS.framework in Frameworks */,
			);
			runOnlyForDeploymentPostprocessing = 0;
		};
/* End PBXFrameworksBuildPhase section */

/* Begin PBXGroup section */
		AFB37F408DADCCCD554622A4 /* Frameworks */ = {
			isa = PBXGroup;
			children = (
				FC223975C2217F043C08E4AD /* Pods_TokyoOSS.framework */,
			);
			name = Frameworks;
			sourceTree = "<group>";
		};
		D37097B627510302006C8A72 /* CustomView */ = {
			isa = PBXGroup;
			children = (
				D37097B7275103BA006C8A72 /* UserHeaderView.xib */,
				D37097B927510403006C8A72 /* UserHeaderView.swift */,
				D3C6694827508FC900DA7B2A /* CustomButton.swift */,
			);
			path = CustomView;
			sourceTree = "<group>";
		};
		D37097BB27511041006C8A72 /* Coordinator */ = {
			isa = PBXGroup;
			children = (
				D37097BC27511051006C8A72 /* Coordinator.swift */,
				D37097BE27511073006C8A72 /* AuthCoordinator.swift */,
				D37097C0275110AF006C8A72 /* MainCoordinator.swift */,
				D325D4AF27535111009B6EDE /* TimeLineCoordinator.swift */,
				D3074C842753575800A84358 /* UserCoordinator.swift */,
			);
			path = Coordinator;
			sourceTree = "<group>";
		};
		D3C669002750402500DA7B2A = {
			isa = PBXGroup;
			children = (
				D3C6690B2750402500DA7B2A /* TokyoOSS */,
				D3C6690A2750402500DA7B2A /* Products */,
				F0E0569685594220DE1A7952 /* Pods */,
				AFB37F408DADCCCD554622A4 /* Frameworks */,
			);
			sourceTree = "<group>";
		};
		D3C6690A2750402500DA7B2A /* Products */ = {
			isa = PBXGroup;
			children = (
				D3C669092750402500DA7B2A /* TokyoOSS.app */,
			);
			name = Products;
			sourceTree = "<group>";
		};
		D3C6690B2750402500DA7B2A /* TokyoOSS */ = {
			isa = PBXGroup;
			children = (
				D3C6690C2750402500DA7B2A /* AppDelegate.swift */,
				D3C6690E2750402500DA7B2A /* SceneDelegate.swift */,
				D3C669152750402600DA7B2A /* Assets.xcassets */,
				D37097BB27511041006C8A72 /* Coordinator */,
				D3C669232750407300DA7B2A /* Extenstion */,
				D3C669222750406E00DA7B2A /* ViewModels */,
				D3C669212750406900DA7B2A /* Models */,
				D3C669202750406400DA7B2A /* Views */,
				D3C6691A2750402600DA7B2A /* Info.plist */,
				D3B80E032751E6920039CA82 /* GoogleService-Info.plist */,
			);
			path = TokyoOSS;
			sourceTree = "<group>";
		};
		D3C669202750406400DA7B2A /* Views */ = {
			isa = PBXGroup;
			children = (
				D37097B627510302006C8A72 /* CustomView */,
				D3C6693927504EBC00DA7B2A /* Cells */,
				D3C669282750411F00DA7B2A /* ViewControllers */,
				D3C669242750408F00DA7B2A /* Storyboard */,
			);
			path = Views;
			sourceTree = "<group>";
		};
		D3C669212750406900DA7B2A /* Models */ = {
			isa = PBXGroup;
			children = (
				D3C6693E2750544E00DA7B2A /* Post.swift */,
				D3B80E052751EDC20039CA82 /* User.swift */,
			);
			path = Models;
			sourceTree = "<group>";
		};
		D3C669222750406E00DA7B2A /* ViewModels */ = {
			isa = PBXGroup;
			children = (
				D3C669422750735000DA7B2A /* LoginViewModel.swift */,
				D3C669442750807500DA7B2A /* RegisterViewModel.swift */,
				D37097AE2750BF1A006C8A72 /* UserViewModel.swift */,
				D37097B02750D1ED006C8A72 /* PostViewModel.swift */,
				D325D4AB27534B9A009B6EDE /* TimeLineViewModel.swift */,
				D3074C88275396AF00A84358 /* PostDetailViewModel.swift */,
			);
			path = ViewModels;
			sourceTree = "<group>";
		};
		D3C669232750407300DA7B2A /* Extenstion */ = {
			isa = PBXGroup;
			children = (
				D3C6694627508BA800DA7B2A /* Anchor+Extension.swift */,
				D37097B22750F619006C8A72 /* ViewController+Extension.swift */,
				D37097B42750F713006C8A72 /* TextField+Extension.swift */,
				D37097C22751D1F2006C8A72 /* Validator.swift */,
				D325D4A9275348DC009B6EDE /* UIColor+Extension.swift */,
				D3074C862753610F00A84358 /* Ref.swift */,
			);
			path = Extenstion;
			sourceTree = "<group>";
		};
		D3C669242750408F00DA7B2A /* Storyboard */ = {
			isa = PBXGroup;
			children = (
				D3C6692D275041B700DA7B2A /* Main */,
				D3C66925275040C700DA7B2A /* Authentication */,
			);
			path = Storyboard;
			sourceTree = "<group>";
		};
		D3C66925275040C700DA7B2A /* Authentication */ = {
			isa = PBXGroup;
			children = (
				D3C66926275040D700DA7B2A /* Authentication.storyboard */,
			);
			path = Authentication;
			sourceTree = "<group>";
		};
		D3C669282750411F00DA7B2A /* ViewControllers */ = {
			isa = PBXGroup;
			children = (
				D3C6694127506FEB00DA7B2A /* Authentication */,
				D3C6694027506FDB00DA7B2A /* Main */,
			);
			path = ViewControllers;
			sourceTree = "<group>";
		};
		D3C6692D275041B700DA7B2A /* Main */ = {
			isa = PBXGroup;
			children = (
				D3C669122750402500DA7B2A /* Main.storyboard */,
			);
			path = Main;
			sourceTree = "<group>";
		};
		D3C6693927504EBC00DA7B2A /* Cells */ = {
			isa = PBXGroup;
			children = (
				D3C6693A27504F0D00DA7B2A /* TimeLineCell.swift */,
				D3C6693B27504F0D00DA7B2A /* TimeLineCell.xib */,
				D37097AA2750BECE006C8A72 /* ArticleCell.swift */,
				D37097AB2750BECE006C8A72 /* ArticleCell.xib */,
			);
			path = Cells;
			sourceTree = "<group>";
		};
		D3C6694027506FDB00DA7B2A /* Main */ = {
			isa = PBXGroup;
			children = (
				D3C669102750402500DA7B2A /* ViewController.swift */,
				D3C6692E275044CE00DA7B2A /* PostViewController.swift */,
				D3C66930275044E700DA7B2A /* UserViewController.swift */,
				D325D4AD27534D5F009B6EDE /* PostDetailController.swift */,
			);
			path = Main;
			sourceTree = "<group>";
		};
		D3C6694127506FEB00DA7B2A /* Authentication */ = {
			isa = PBXGroup;
			children = (
				D3C669292750415400DA7B2A /* RegisterController.swift */,
				D3C6692B2750419D00DA7B2A /* LoginController.swift */,
			);
			path = Authentication;
			sourceTree = "<group>";
		};
		F0E0569685594220DE1A7952 /* Pods */ = {
			isa = PBXGroup;
			children = (
				1DA6743BD50AB980F522C145 /* Pods-TokyoOSS.debug.xcconfig */,
				8DC8920F31A2B6DCCA014DE5 /* Pods-TokyoOSS.release.xcconfig */,
			);
			path = Pods;
			sourceTree = "<group>";
		};
/* End PBXGroup section */

/* Begin PBXNativeTarget section */
		D3C669082750402500DA7B2A /* TokyoOSS */ = {
			isa = PBXNativeTarget;
			buildConfigurationList = D3C6691D2750402600DA7B2A /* Build configuration list for PBXNativeTarget "TokyoOSS" */;
			buildPhases = (
				F608E09815BD91D2BDA8C4EA /* [CP] Check Pods Manifest.lock */,
				D3C669052750402500DA7B2A /* Sources */,
				D3C669062750402500DA7B2A /* Frameworks */,
				D3C669072750402500DA7B2A /* Resources */,
				9A7FDA95F5B383C24A75DE5D /* [CP] Embed Pods Frameworks */,
			);
			buildRules = (
			);
			dependencies = (
			);
			name = TokyoOSS;
			packageProductDependencies = (
			);
			productName = TokyoOSS;
			productReference = D3C669092750402500DA7B2A /* TokyoOSS.app */;
			productType = "com.apple.product-type.application";
		};
/* End PBXNativeTarget section */

/* Begin PBXProject section */
		D3C669012750402500DA7B2A /* Project object */ = {
			isa = PBXProject;
			attributes = {
				BuildIndependentTargetsInParallel = 1;
				LastSwiftUpdateCheck = 1310;
				LastUpgradeCheck = 1310;
				TargetAttributes = {
					D3C669082750402500DA7B2A = {
						CreatedOnToolsVersion = 13.1;
					};
				};
			};
			buildConfigurationList = D3C669042750402500DA7B2A /* Build configuration list for PBXProject "TokyoOSS" */;
			compatibilityVersion = "Xcode 13.0";
			developmentRegion = en;
			hasScannedForEncodings = 0;
			knownRegions = (
				en,
				Base,
			);
			mainGroup = D3C669002750402500DA7B2A;
			packageReferences = (
				D3C669322750462400DA7B2A /* XCRemoteSwiftPackageReference "RxSwift" */,
			);
			productRefGroup = D3C6690A2750402500DA7B2A /* Products */;
			projectDirPath = "";
			projectRoot = "";
			targets = (
				D3C669082750402500DA7B2A /* TokyoOSS */,
			);
		};
/* End PBXProject section */

/* Begin PBXResourcesBuildPhase section */
		D3C669072750402500DA7B2A /* Resources */ = {
			isa = PBXResourcesBuildPhase;
			buildActionMask = 2147483647;
			files = (
				D37097B8275103BA006C8A72 /* UserHeaderView.xib in Resources */,
				D3C6693D27504F0D00DA7B2A /* TimeLineCell.xib in Resources */,
				D3C669162750402600DA7B2A /* Assets.xcassets in Resources */,
				D3C669142750402500DA7B2A /* Main.storyboard in Resources */,
				D37097AD2750BECE006C8A72 /* ArticleCell.xib in Resources */,
				D3B80E042751E6920039CA82 /* GoogleService-Info.plist in Resources */,
				D3C66927275040D700DA7B2A /* Authentication.storyboard in Resources */,
			);
			runOnlyForDeploymentPostprocessing = 0;
		};
/* End PBXResourcesBuildPhase section */

/* Begin PBXShellScriptBuildPhase section */
		9A7FDA95F5B383C24A75DE5D /* [CP] Embed Pods Frameworks */ = {
			isa = PBXShellScriptBuildPhase;
			buildActionMask = 2147483647;
			files = (
			);
			inputFileListPaths = (
				"${PODS_ROOT}/Target Support Files/Pods-TokyoOSS/Pods-TokyoOSS-frameworks-${CONFIGURATION}-input-files.xcfilelist",
			);
			name = "[CP] Embed Pods Frameworks";
			outputFileListPaths = (
				"${PODS_ROOT}/Target Support Files/Pods-TokyoOSS/Pods-TokyoOSS-frameworks-${CONFIGURATION}-output-files.xcfilelist",
			);
			runOnlyForDeploymentPostprocessing = 0;
			shellPath = /bin/sh;
			shellScript = "\"${PODS_ROOT}/Target Support Files/Pods-TokyoOSS/Pods-TokyoOSS-frameworks.sh\"\n";
			showEnvVarsInLog = 0;
		};
		F608E09815BD91D2BDA8C4EA /* [CP] Check Pods Manifest.lock */ = {
			isa = PBXShellScriptBuildPhase;
			buildActionMask = 2147483647;
			files = (
			);
			inputFileListPaths = (
			);
			inputPaths = (
				"${PODS_PODFILE_DIR_PATH}/Podfile.lock",
				"${PODS_ROOT}/Manifest.lock",
			);
			name = "[CP] Check Pods Manifest.lock";
			outputFileListPaths = (
			);
			outputPaths = (
				"$(DERIVED_FILE_DIR)/Pods-TokyoOSS-checkManifestLockResult.txt",
			);
			runOnlyForDeploymentPostprocessing = 0;
			shellPath = /bin/sh;
			shellScript = "diff \"${PODS_PODFILE_DIR_PATH}/Podfile.lock\" \"${PODS_ROOT}/Manifest.lock\" > /dev/null\nif [ $? != 0 ] ; then\n    # print error to STDERR\n    echo \"error: The sandbox is not in sync with the Podfile.lock. Run 'pod install' or update your CocoaPods installation.\" >&2\n    exit 1\nfi\n# This output is used by Xcode 'outputs' to avoid re-running this script phase.\necho \"SUCCESS\" > \"${SCRIPT_OUTPUT_FILE_0}\"\n";
			showEnvVarsInLog = 0;
		};
/* End PBXShellScriptBuildPhase section */

/* Begin PBXSourcesBuildPhase section */
		D3C669052750402500DA7B2A /* Sources */ = {
			isa = PBXSourcesBuildPhase;
			buildActionMask = 2147483647;
			files = (
				D37097B32750F619006C8A72 /* ViewController+Extension.swift in Sources */,
				D37097B12750D1ED006C8A72 /* PostViewModel.swift in Sources */,
				D3C6694927508FC900DA7B2A /* CustomButton.swift in Sources */,
				D325D4B027535111009B6EDE /* TimeLineCoordinator.swift in Sources */,
				D3C66931275044E700DA7B2A /* UserViewController.swift in Sources */,
				D37097BF27511073006C8A72 /* AuthCoordinator.swift in Sources */,
				D37097C32751D1F2006C8A72 /* Validator.swift in Sources */,
				D37097C1275110AF006C8A72 /* MainCoordinator.swift in Sources */,
				D3C6692F275044CE00DA7B2A /* PostViewController.swift in Sources */,
				D3C6692A2750415400DA7B2A /* RegisterController.swift in Sources */,
				D325D4AA275348DC009B6EDE /* UIColor+Extension.swift in Sources */,
				D37097AC2750BECE006C8A72 /* ArticleCell.swift in Sources */,
				D3C669112750402500DA7B2A /* ViewController.swift in Sources */,
				D3C6694727508BA800DA7B2A /* Anchor+Extension.swift in Sources */,
				D37097B52750F713006C8A72 /* TextField+Extension.swift in Sources */,
				D37097BA27510403006C8A72 /* UserHeaderView.swift in Sources */,
				D3074C852753575800A84358 /* UserCoordinator.swift in Sources */,
				D3C669452750807500DA7B2A /* RegisterViewModel.swift in Sources */,
				D37097BD27511051006C8A72 /* Coordinator.swift in Sources */,
				D3C6693C27504F0D00DA7B2A /* TimeLineCell.swift in Sources */,
				D3C6690D2750402500DA7B2A /* AppDelegate.swift in Sources */,
				D3C6693F2750544E00DA7B2A /* Post.swift in Sources */,
				D3C6690F2750402500DA7B2A /* SceneDelegate.swift in Sources */,
				D3074C89275396AF00A84358 /* PostDetailViewModel.swift in Sources */,
				D3B80E062751EDC20039CA82 /* User.swift in Sources */,
				D3C669432750735000DA7B2A /* LoginViewModel.swift in Sources */,
				D325D4AE27534D5F009B6EDE /* PostDetailController.swift in Sources */,
				D37097AF2750BF1A006C8A72 /* UserViewModel.swift in Sources */,
				D3C6692C2750419D00DA7B2A /* LoginController.swift in Sources */,
				D325D4AC27534B9A009B6EDE /* TimeLineViewModel.swift in Sources */,
				D3074C872753610F00A84358 /* Ref.swift in Sources */,
			);
			runOnlyForDeploymentPostprocessing = 0;
		};
/* End PBXSourcesBuildPhase section */

/* Begin PBXVariantGroup section */
		D3C669122750402500DA7B2A /* Main.storyboard */ = {
			isa = PBXVariantGroup;
			children = (
				D3C669132750402500DA7B2A /* Base */,
			);
			name = Main.storyboard;
			sourceTree = "<group>";
		};
/* End PBXVariantGroup section */

/* Begin XCBuildConfiguration section */
		D3C6691B2750402600DA7B2A /* Debug */ = {
			isa = XCBuildConfiguration;
			buildSettings = {
				ALWAYS_SEARCH_USER_PATHS = NO;
				CLANG_ANALYZER_NONNULL = YES;
				CLANG_ANALYZER_NUMBER_OBJECT_CONVERSION = YES_AGGRESSIVE;
				CLANG_CXX_LANGUAGE_STANDARD = "gnu++17";
				CLANG_CXX_LIBRARY = "libc++";
				CLANG_ENABLE_MODULES = YES;
				CLANG_ENABLE_OBJC_ARC = YES;
				CLANG_ENABLE_OBJC_WEAK = YES;
				CLANG_WARN_BLOCK_CAPTURE_AUTORELEASING = YES;
				CLANG_WARN_BOOL_CONVERSION = YES;
				CLANG_WARN_COMMA = YES;
				CLANG_WARN_CONSTANT_CONVERSION = YES;
				CLANG_WARN_DEPRECATED_OBJC_IMPLEMENTATIONS = YES;
				CLANG_WARN_DIRECT_OBJC_ISA_USAGE = YES_ERROR;
				CLANG_WARN_DOCUMENTATION_COMMENTS = YES;
				CLANG_WARN_EMPTY_BODY = YES;
				CLANG_WARN_ENUM_CONVERSION = YES;
				CLANG_WARN_INFINITE_RECURSION = YES;
				CLANG_WARN_INT_CONVERSION = YES;
				CLANG_WARN_NON_LITERAL_NULL_CONVERSION = YES;
				CLANG_WARN_OBJC_IMPLICIT_RETAIN_SELF = YES;
				CLANG_WARN_OBJC_LITERAL_CONVERSION = YES;
				CLANG_WARN_OBJC_ROOT_CLASS = YES_ERROR;
				CLANG_WARN_QUOTED_INCLUDE_IN_FRAMEWORK_HEADER = YES;
				CLANG_WARN_RANGE_LOOP_ANALYSIS = YES;
				CLANG_WARN_STRICT_PROTOTYPES = YES;
				CLANG_WARN_SUSPICIOUS_MOVE = YES;
				CLANG_WARN_UNGUARDED_AVAILABILITY = YES_AGGRESSIVE;
				CLANG_WARN_UNREACHABLE_CODE = YES;
				CLANG_WARN__DUPLICATE_METHOD_MATCH = YES;
				COPY_PHASE_STRIP = NO;
				DEBUG_INFORMATION_FORMAT = dwarf;
				ENABLE_STRICT_OBJC_MSGSEND = YES;
				ENABLE_TESTABILITY = YES;
				GCC_C_LANGUAGE_STANDARD = gnu11;
				GCC_DYNAMIC_NO_PIC = NO;
				GCC_NO_COMMON_BLOCKS = YES;
				GCC_OPTIMIZATION_LEVEL = 0;
				GCC_PREPROCESSOR_DEFINITIONS = (
					"DEBUG=1",
					"$(inherited)",
				);
				GCC_WARN_64_TO_32_BIT_CONVERSION = YES;
				GCC_WARN_ABOUT_RETURN_TYPE = YES_ERROR;
				GCC_WARN_UNDECLARED_SELECTOR = YES;
				GCC_WARN_UNINITIALIZED_AUTOS = YES_AGGRESSIVE;
				GCC_WARN_UNUSED_FUNCTION = YES;
				GCC_WARN_UNUSED_VARIABLE = YES;
				IPHONEOS_DEPLOYMENT_TARGET = 15.0;
				MTL_ENABLE_DEBUG_INFO = INCLUDE_SOURCE;
				MTL_FAST_MATH = YES;
				ONLY_ACTIVE_ARCH = YES;
				SDKROOT = iphoneos;
				SWIFT_ACTIVE_COMPILATION_CONDITIONS = DEBUG;
				SWIFT_OPTIMIZATION_LEVEL = "-Onone";
			};
			name = Debug;
		};
		D3C6691C2750402600DA7B2A /* Release */ = {
			isa = XCBuildConfiguration;
			buildSettings = {
				ALWAYS_SEARCH_USER_PATHS = NO;
				CLANG_ANALYZER_NONNULL = YES;
				CLANG_ANALYZER_NUMBER_OBJECT_CONVERSION = YES_AGGRESSIVE;
				CLANG_CXX_LANGUAGE_STANDARD = "gnu++17";
				CLANG_CXX_LIBRARY = "libc++";
				CLANG_ENABLE_MODULES = YES;
				CLANG_ENABLE_OBJC_ARC = YES;
				CLANG_ENABLE_OBJC_WEAK = YES;
				CLANG_WARN_BLOCK_CAPTURE_AUTORELEASING = YES;
				CLANG_WARN_BOOL_CONVERSION = YES;
				CLANG_WARN_COMMA = YES;
				CLANG_WARN_CONSTANT_CONVERSION = YES;
				CLANG_WARN_DEPRECATED_OBJC_IMPLEMENTATIONS = YES;
				CLANG_WARN_DIRECT_OBJC_ISA_USAGE = YES_ERROR;
				CLANG_WARN_DOCUMENTATION_COMMENTS = YES;
				CLANG_WARN_EMPTY_BODY = YES;
				CLANG_WARN_ENUM_CONVERSION = YES;
				CLANG_WARN_INFINITE_RECURSION = YES;
				CLANG_WARN_INT_CONVERSION = YES;
				CLANG_WARN_NON_LITERAL_NULL_CONVERSION = YES;
				CLANG_WARN_OBJC_IMPLICIT_RETAIN_SELF = YES;
				CLANG_WARN_OBJC_LITERAL_CONVERSION = YES;
				CLANG_WARN_OBJC_ROOT_CLASS = YES_ERROR;
				CLANG_WARN_QUOTED_INCLUDE_IN_FRAMEWORK_HEADER = YES;
				CLANG_WARN_RANGE_LOOP_ANALYSIS = YES;
				CLANG_WARN_STRICT_PROTOTYPES = YES;
				CLANG_WARN_SUSPICIOUS_MOVE = YES;
				CLANG_WARN_UNGUARDED_AVAILABILITY = YES_AGGRESSIVE;
				CLANG_WARN_UNREACHABLE_CODE = YES;
				CLANG_WARN__DUPLICATE_METHOD_MATCH = YES;
				COPY_PHASE_STRIP = NO;
				DEBUG_INFORMATION_FORMAT = "dwarf-with-dsym";
				ENABLE_NS_ASSERTIONS = NO;
				ENABLE_STRICT_OBJC_MSGSEND = YES;
				GCC_C_LANGUAGE_STANDARD = gnu11;
				GCC_NO_COMMON_BLOCKS = YES;
				GCC_WARN_64_TO_32_BIT_CONVERSION = YES;
				GCC_WARN_ABOUT_RETURN_TYPE = YES_ERROR;
				GCC_WARN_UNDECLARED_SELECTOR = YES;
				GCC_WARN_UNINITIALIZED_AUTOS = YES_AGGRESSIVE;
				GCC_WARN_UNUSED_FUNCTION = YES;
				GCC_WARN_UNUSED_VARIABLE = YES;
				IPHONEOS_DEPLOYMENT_TARGET = 15.0;
				MTL_ENABLE_DEBUG_INFO = NO;
				MTL_FAST_MATH = YES;
				SDKROOT = iphoneos;
				SWIFT_COMPILATION_MODE = wholemodule;
				SWIFT_OPTIMIZATION_LEVEL = "-O";
				VALIDATE_PRODUCT = YES;
			};
			name = Release;
		};
		D3C6691E2750402600DA7B2A /* Debug */ = {
			isa = XCBuildConfiguration;
			baseConfigurationReference = 1DA6743BD50AB980F522C145 /* Pods-TokyoOSS.debug.xcconfig */;
			buildSettings = {
				ASSETCATALOG_COMPILER_APPICON_NAME = AppIcon;
				ASSETCATALOG_COMPILER_GLOBAL_ACCENT_COLOR_NAME = AccentColor;
				CODE_SIGN_STYLE = Automatic;
				CURRENT_PROJECT_VERSION = 1;
				DEVELOPMENT_TEAM = LSUSGUW6L4;
				GENERATE_INFOPLIST_FILE = YES;
				INFOPLIST_FILE = TokyoOSS/Info.plist;
				INFOPLIST_KEY_UIApplicationSupportsIndirectInputEvents = YES;
				INFOPLIST_KEY_UILaunchStoryboardName = LaunchScreen;
				INFOPLIST_KEY_UIMainStoryboardFile = Main;
				INFOPLIST_KEY_UISupportedInterfaceOrientations_iPad = "UIInterfaceOrientationPortrait UIInterfaceOrientationPortraitUpsideDown UIInterfaceOrientationLandscapeLeft UIInterfaceOrientationLandscapeRight";
				INFOPLIST_KEY_UISupportedInterfaceOrientations_iPhone = "UIInterfaceOrientationPortrait UIInterfaceOrientationLandscapeLeft UIInterfaceOrientationLandscapeRight";
				LD_RUNPATH_SEARCH_PATHS = (
					"$(inherited)",
					"@executable_path/Frameworks",
				);
				MARKETING_VERSION = 1.0;
				PRODUCT_BUNDLE_IDENTIFIER = com.mizuki.TokyoOSS;
				PRODUCT_NAME = "$(TARGET_NAME)";
				SWIFT_EMIT_LOC_STRINGS = YES;
				SWIFT_VERSION = 5.0;
				TARGETED_DEVICE_FAMILY = 1;
			};
			name = Debug;
		};
		D3C6691F2750402600DA7B2A /* Release */ = {
			isa = XCBuildConfiguration;
			baseConfigurationReference = 8DC8920F31A2B6DCCA014DE5 /* Pods-TokyoOSS.release.xcconfig */;
			buildSettings = {
				ASSETCATALOG_COMPILER_APPICON_NAME = AppIcon;
				ASSETCATALOG_COMPILER_GLOBAL_ACCENT_COLOR_NAME = AccentColor;
				CODE_SIGN_STYLE = Automatic;
				CURRENT_PROJECT_VERSION = 1;
				DEVELOPMENT_TEAM = LSUSGUW6L4;
				GENERATE_INFOPLIST_FILE = YES;
				INFOPLIST_FILE = TokyoOSS/Info.plist;
				INFOPLIST_KEY_UIApplicationSupportsIndirectInputEvents = YES;
				INFOPLIST_KEY_UILaunchStoryboardName = LaunchScreen;
				INFOPLIST_KEY_UIMainStoryboardFile = Main;
				INFOPLIST_KEY_UISupportedInterfaceOrientations_iPad = "UIInterfaceOrientationPortrait UIInterfaceOrientationPortraitUpsideDown UIInterfaceOrientationLandscapeLeft UIInterfaceOrientationLandscapeRight";
				INFOPLIST_KEY_UISupportedInterfaceOrientations_iPhone = "UIInterfaceOrientationPortrait UIInterfaceOrientationLandscapeLeft UIInterfaceOrientationLandscapeRight";
				LD_RUNPATH_SEARCH_PATHS = (
					"$(inherited)",
					"@executable_path/Frameworks",
				);
				MARKETING_VERSION = 1.0;
				PRODUCT_BUNDLE_IDENTIFIER = com.mizuki.TokyoOSS;
				PRODUCT_NAME = "$(TARGET_NAME)";
				SWIFT_EMIT_LOC_STRINGS = YES;
				SWIFT_VERSION = 5.0;
				TARGETED_DEVICE_FAMILY = 1;
			};
			name = Release;
		};
/* End XCBuildConfiguration section */

/* Begin XCConfigurationList section */
		D3C669042750402500DA7B2A /* Build configuration list for PBXProject "TokyoOSS" */ = {
			isa = XCConfigurationList;
			buildConfigurations = (
				D3C6691B2750402600DA7B2A /* Debug */,
				D3C6691C2750402600DA7B2A /* Release */,
			);
			defaultConfigurationIsVisible = 0;
			defaultConfigurationName = Release;
		};
		D3C6691D2750402600DA7B2A /* Build configuration list for PBXNativeTarget "TokyoOSS" */ = {
			isa = XCConfigurationList;
			buildConfigurations = (
				D3C6691E2750402600DA7B2A /* Debug */,
				D3C6691F2750402600DA7B2A /* Release */,
			);
			defaultConfigurationIsVisible = 0;
			defaultConfigurationName = Release;
		};
/* End XCConfigurationList section */

/* Begin XCRemoteSwiftPackageReference section */
		D3C669322750462400DA7B2A /* XCRemoteSwiftPackageReference "RxSwift" */ = {
			isa = XCRemoteSwiftPackageReference;
			repositoryURL = "https://github.com/ReactiveX/RxSwift.git";
			requirement = {
				branch = main;
				kind = branch;
			};
		};
/* End XCRemoteSwiftPackageReference section */
	};
	rootObject = D3C669012750402500DA7B2A /* Project object */;
}
